github.com/deamer44/ukpostcode v0.1.0 h1:dvTyHbY1oTjiUunUWjpZQ/A9NAiFQXMHjKnH84SGZTs=
github.com/deamer44/ukpostcode v0.1.0/go.mod h1:c31aEuJWdts4lA6DhYmERd1BlU8wdsaiwHS3F0/bgMk=
github.com/deamer44/ukpostcode v0.1.1 h1:bQoclPHL1yzzcj0EtNMB+MXssUAVqBEOX4BM4vjebIM=
github.com/deamer44/ukpostcode v0.1.1/go.mod h1:c31aEuJWdts4lA6DhYmERd1BlU8wdsaiwHS3F0/bgMk=
